<?xml version="1.0" encoding="UTF-8" standalone="yes" ?>
<CodeBlocks_project_file>
	<FileVersion major="1" minor="6" />
	<Project>
		<Option title="projectOj" />
		<Option pch_mode="2" />
		<Option compiler="gcc" />
		<Build>
			<Target title="Debug">
				<Option output="bin/Debug/projectOj" prefix_auto="1" extension_auto="1" />
				<Option object_output="obj/Debug/" />
				<Option type="1" />
				<Option compiler="gcc" />
				<Compiler>
					<Add option="-g" />
					<Add directory="include" />
					<Add directory="../freeglut/include" />
				</Compiler>
				<Linker>
					<Add library="freeglut" />
					<Add library="opengl32" />
					<Add library="glu32" />
					<Add library="winmm" />
					<Add directory="../freeglut/lib/x64" />
				</Linker>
			</Target>
			<Target title="Release">
				<Option output="bin/Release/projectOj" prefix_auto="1" extension_auto="1" />
				<Option object_output="obj/Release/" />
				<Option type="1" />
				<Option compiler="gcc" />
				<Compiler>
					<Add option="-O2" />
				</Compiler>
				<Linker>
					<Add option="-s" />
				</Linker>
			</Target>
		</Build>
		<Compiler>
			<Add option="-Wall" />
			<Add option="-fexceptions" />
		</Compiler>
		<Unit filename="src/Game.cpp" />
		<Unit filename="include/Game.h" />
		<Unit filename="src/Map.cpp" />
		<Unit filename="include/Map.h" />
		<Unit filename="src/Player.cpp" />
		<Unit filename="include/Player.h" />
		<Unit filename="src/Bullet.cpp" />
		<Unit filename="include/Bullet.h" />
		<Unit filename="src/Sound.cpp" />
		<Unit filename="include/Sound.h" />
		<Unit filename="src/Room.cpp" />
		<Unit filename="include/Room.h" />
		<Unit filename="src/Match.cpp" />
		<Unit filename="include/Match.h" />
		<Unit filename="src/main.cpp" />
		<Unit filename="assets/audio/gunshot.mp3" />
		<Unit filename="build/run.py" />
		<Extensions>
			<lib_finder disable_auto="1" />
		</Extensions>
	</Project>
</CodeBlocks_project_file>
